
Microsoft Visual Studio Solution File, Format Version 12.00
# Visual Studio Version 17
VisualStudioVersion = 17.14.36518.9 d17.14
MinimumVisualStudioVersion = 10.0.40219.1
Project("{FAE04EC0-301F-11D3-BF4B-00C04F79EFBC}") = "CollabCode", "CollabCode.csproj", "{5372F479-1792-4807-A112-81CA3B176521}"
EndProject
Global
	GlobalSection(SolutionConfigurationPlatforms) = preSolution
		Debug|Any CPU = Debug|Any CPU
		Release|Any CPU = Release|Any CPU
	EndGlobalSection
	GlobalSection(ProjectConfigurationPlatforms) = postSolution
		{5372F479-1792-4807-A112-81CA3B176521}.Debug|Any CPU.ActiveCfg = Debug|Any CPU
		{5372F479-1792-4807-A112-81CA3B176521}.Debug|Any CPU.Build.0 = Debug|Any CPU
		{5372F479-1792-4807-A112-81CA3B176521}.Release|Any CPU.ActiveCfg = Release|Any CPU
		{5372F479-1792-4807-A112-81CA3B176521}.Release|Any CPU.Build.0 = Release|Any CPU
	EndGlobalSection
	GlobalSection(SolutionProperties) = preSolution
		HideSolutionNode = FALSE
	EndGlobalSection
	GlobalSection(ExtensibilityGlobals) = postSolution
		SolutionGuid = {7FA7F098-0F3C-47E6-BEC8-0C2A380B4651}
	EndGlobalSection
EndGlobal
